
Microsoft Visual Studio Solution File, Format Version 12.00
# Visual Studio 15
VisualStudioVersion = 15.0.27703.2035
MinimumVisualStudioVersion = 10.0.40219.1
Project("{FAE04EC0-301F-11D3-BF4B-00C04F79EFBC}") = "ArmadaDjCoreService", "ArmadaDjCoreService\ArmadaDjCoreService.csproj", "{1036C2D2-6A80-4F47-B8E8-33E145A36302}"
EndProject
Project("{2150E333-8FDC-42A3-9474-1A3956D46DE8}") = "1-Layers", "1-Layers", "{F9DB18DF-6475-4F5B-A0EB-9C65E952884C}"
EndProject
Project("{2150E333-8FDC-42A3-9474-1A3956D46DE8}") = "2-Deploy", "2-Deploy", "{959C958E-2DFD-45C3-80B1-A5C1E7A392BF}"
EndProject
Project("{2150E333-8FDC-42A3-9474-1A3956D46DE8}") = "1.1 - Presentation", "1.1 - Presentation", "{E34B0CBE-6751-414C-BEF6-8A55DD324FFE}"
EndProject
Project("{2150E333-8FDC-42A3-9474-1A3956D46DE8}") = "Tests", "Tests", "{3147663E-44AC-4FA4-B722-983E9CEA2DAB}"
EndProject
Project("{2150E333-8FDC-42A3-9474-1A3956D46DE8}") = "1.2 - Application", "1.2 - Application", "{AFBF1757-A4FE-4336-A75C-824D5156D09C}"
EndProject
Project("{2150E333-8FDC-42A3-9474-1A3956D46DE8}") = "1.3 - Domain", "1.3 - Domain", "{260FA18A-C43B-4D4E-B995-CAD4561604E4}"
EndProject
Project("{2150E333-8FDC-42A3-9474-1A3956D46DE8}") = "1.4 - Repository", "1.4 - Repository", "{3CA93A5A-973C-4259-9C02-3AEB5C79A287}"
EndProject
Project("{2150E333-8FDC-42A3-9474-1A3956D46DE8}") = "1.5 - Infrastructure", "1.5 - Infrastructure", "{574163EC-CB61-491B-9876-27D1CCAC1543}"
EndProject
Global
	GlobalSection(SolutionConfigurationPlatforms) = preSolution
		Debug|Any CPU = Debug|Any CPU
		Release|Any CPU = Release|Any CPU
	EndGlobalSection
	GlobalSection(ProjectConfigurationPlatforms) = postSolution
		{1036C2D2-6A80-4F47-B8E8-33E145A36302}.Debug|Any CPU.ActiveCfg = Debug|Any CPU
		{1036C2D2-6A80-4F47-B8E8-33E145A36302}.Debug|Any CPU.Build.0 = Debug|Any CPU
		{1036C2D2-6A80-4F47-B8E8-33E145A36302}.Release|Any CPU.ActiveCfg = Release|Any CPU
		{1036C2D2-6A80-4F47-B8E8-33E145A36302}.Release|Any CPU.Build.0 = Release|Any CPU
	EndGlobalSection
	GlobalSection(SolutionProperties) = preSolution
		HideSolutionNode = FALSE
	EndGlobalSection
	GlobalSection(NestedProjects) = preSolution
		{E34B0CBE-6751-414C-BEF6-8A55DD324FFE} = {F9DB18DF-6475-4F5B-A0EB-9C65E952884C}
		{3147663E-44AC-4FA4-B722-983E9CEA2DAB} = {E34B0CBE-6751-414C-BEF6-8A55DD324FFE}
		{AFBF1757-A4FE-4336-A75C-824D5156D09C} = {F9DB18DF-6475-4F5B-A0EB-9C65E952884C}
		{260FA18A-C43B-4D4E-B995-CAD4561604E4} = {F9DB18DF-6475-4F5B-A0EB-9C65E952884C}
		{3CA93A5A-973C-4259-9C02-3AEB5C79A287} = {F9DB18DF-6475-4F5B-A0EB-9C65E952884C}
		{574163EC-CB61-491B-9876-27D1CCAC1543} = {F9DB18DF-6475-4F5B-A0EB-9C65E952884C}
	EndGlobalSection
	GlobalSection(ExtensibilityGlobals) = postSolution
		SolutionGuid = {45BA3DEF-DFD1-43BA-B6C2-DE1CDFC342E0}
	EndGlobalSection
EndGlobal
